Microsoft Visual Studio Solution File, Format Version 11.00
# Visual Studio 2008

Project("{A3C7596D-0149-CC52-20C5-D8D2A76B411A}") = "3DspookyMaze", "Assembly-CSharp.csproj", "{476B0702-298D-A03B-96ED-AF2CAA3FD166}"
EndProject
Global
	GlobalSection(SolutionConfigurationPlatforms) = preSolution
		Debug|Any CPU = Debug|Any CPU
		Release|Any CPU = Release|Any CPU
	EndGlobalSection
	GlobalSection(ProjectConfigurationPlatforms) = postSolution
		{476B0702-298D-A03B-96ED-AF2CAA3FD166}.Debug|Any CPU.ActiveCfg = Debug|Any CPU
		{476B0702-298D-A03B-96ED-AF2CAA3FD166}.Debug|Any CPU.Build.0 = Debug|Any CPU
		{476B0702-298D-A03B-96ED-AF2CAA3FD166}.Release|Any CPU.ActiveCfg = Release|Any CPU
		{476B0702-298D-A03B-96ED-AF2CAA3FD166}.Release|Any CPU.Build.0 = Release|Any CPU
	EndGlobalSection
	GlobalSection(SolutionProperties) = preSolution
		HideSolutionNode = FALSE
	EndGlobalSection
		GlobalSection(MonoDevelopProperties) = preSolution
		StartupItem = Assembly-CSharp.csproj
		Policies = $0
		$0.TextStylePolicy = $1
		$1.inheritsSet = null
		$1.scope = text/x-csharp
		$0.CSharpFormattingPolicy = $2
		$2.inheritsSet = Mono
		$2.inheritsScope = text/x-csharp
		$2.scope = text/x-csharp
		$0.TextStylePolicy = $3
		$3.FileWidth = 120
		$3.TabWidth = 4
		$3.EolMarker = Unix
		$3.inheritsSet = Mono
		$3.inheritsScope = text/plain
		$3.scope = text/plain
	EndGlobalSection

EndGlobal
